
Microsoft Visual Studio Solution File, Format Version 12.00
# Visual Studio Version 16
VisualStudioVersion = 16.0.30011.22
MinimumVisualStudioVersion = 10.0.40219.1
Project("{8BC9CEB8-8B4A-11D0-8D11-00A0C91BC942}") = "c++_chap1", "c++_chap1\c++_chap1.vcxproj", "{EB22088F-6C85-48E1-9D74-DD2176D6D539}"
EndProject
Global
	GlobalSection(SolutionConfigurationPlatforms) = preSolution
		Debug|x64 = Debug|x64
		Debug|x86 = Debug|x86
		Release|x64 = Release|x64
		Release|x86 = Release|x86
	EndGlobalSection
	GlobalSection(ProjectConfigurationPlatforms) = postSolution
		{EB22088F-6C85-48E1-9D74-DD2176D6D539}.Debug|x64.ActiveCfg = Debug|x64
		{EB22088F-6C85-48E1-9D74-DD2176D6D539}.Debug|x64.Build.0 = Debug|x64
		{EB22088F-6C85-48E1-9D74-DD2176D6D539}.Debug|x86.ActiveCfg = Debug|Win32
		{EB22088F-6C85-48E1-9D74-DD2176D6D539}.Debug|x86.Build.0 = Debug|Win32
		{EB22088F-6C85-48E1-9D74-DD2176D6D539}.Release|x64.ActiveCfg = Release|x64
		{EB22088F-6C85-48E1-9D74-DD2176D6D539}.Release|x64.Build.0 = Release|x64
		{EB22088F-6C85-48E1-9D74-DD2176D6D539}.Release|x86.ActiveCfg = Release|Win32
		{EB22088F-6C85-48E1-9D74-DD2176D6D539}.Release|x86.Build.0 = Release|Win32
	EndGlobalSection
	GlobalSection(SolutionProperties) = preSolution
		HideSolutionNode = FALSE
	EndGlobalSection
	GlobalSection(ExtensibilityGlobals) = postSolution
		SolutionGuid = {FAC80A6B-8A3F-4B1C-8AD9-B55D65A30022}
	EndGlobalSection
EndGlobal
